
Microsoft Visual Studio Solution File, Format Version 12.00
# Visual Studio Version 17
VisualStudioVersion = 17.9.34607.119
MinimumVisualStudioVersion = 10.0.40219.1
Project("{9A19103F-16F7-4668-BE54-9A1E7A4F7556}") = "DAL004", "DAL004\DAL004.csproj", "{C5D01348-FBCA-4A48-8096-E73AE5BA9BFD}"
EndProject
Project("{9A19103F-16F7-4668-BE54-9A1E7A4F7556}") = "Test_DAL004", "Test_DAL004\Test_DAL004.csproj", "{F309F5F1-41DD-4AC1-89E2-DEF192BC2228}"
EndProject
Project("{9A19103F-16F7-4668-BE54-9A1E7A4F7556}") = "ASPA004_1", "ASPA004_1\ASPA004_1.csproj", "{16981A48-7700-444A-B1FA-BC28218564F6}"
EndProject
Project("{9A19103F-16F7-4668-BE54-9A1E7A4F7556}") = "ASPA004_2", "ASPA004_2\ASPA004_2.csproj", "{EE45B93A-E578-4999-8B66-DC5F1D3F01E1}"
EndProject
Project("{9A19103F-16F7-4668-BE54-9A1E7A4F7556}") = "ASPA004_3", "ASPA004_3\ASPA004_3.csproj", "{975D0A0B-E50E-4F7B-BA92-B923AA3952DF}"
EndProject
Project("{9A19103F-16F7-4668-BE54-9A1E7A4F7556}") = "ASPA005_1", "ASPA005_1\ASPA005_1.csproj", "{683F86AA-3689-4BA5-AE4F-774B4FE83A86}"
EndProject
Project("{9A19103F-16F7-4668-BE54-9A1E7A4F7556}") = "ASPA005_2", "ASPA005_2\ASPA005_2.csproj", "{45644D40-401E-4131-A789-B4AC81952183}"
EndProject
Project("{FAE04EC0-301F-11D3-BF4B-00C04F79EFBC}") = "ASPA005_3", "ASPA005_3\ASPA005_3.csproj", "{B37E21D2-EE83-43AD-B9A9-0D9A2FBBA88E}"
EndProject
Project("{FAE04EC0-301F-11D3-BF4B-00C04F79EFBC}") = "Test_ASPA005_3", "Test_ASPA005_3\Test_ASPA005_3.csproj", "{E9803F77-BACB-4225-8331-D026F3D16349}"
EndProject
Global
	GlobalSection(SolutionConfigurationPlatforms) = preSolution
		Debug|Any CPU = Debug|Any CPU
		Release|Any CPU = Release|Any CPU
	EndGlobalSection
	GlobalSection(ProjectConfigurationPlatforms) = postSolution
		{C5D01348-FBCA-4A48-8096-E73AE5BA9BFD}.Debug|Any CPU.ActiveCfg = Debug|Any CPU
		{C5D01348-FBCA-4A48-8096-E73AE5BA9BFD}.Debug|Any CPU.Build.0 = Debug|Any CPU
		{C5D01348-FBCA-4A48-8096-E73AE5BA9BFD}.Release|Any CPU.ActiveCfg = Release|Any CPU
		{C5D01348-FBCA-4A48-8096-E73AE5BA9BFD}.Release|Any CPU.Build.0 = Release|Any CPU
		{F309F5F1-41DD-4AC1-89E2-DEF192BC2228}.Debug|Any CPU.ActiveCfg = Debug|Any CPU
		{F309F5F1-41DD-4AC1-89E2-DEF192BC2228}.Debug|Any CPU.Build.0 = Debug|Any CPU
		{F309F5F1-41DD-4AC1-89E2-DEF192BC2228}.Release|Any CPU.ActiveCfg = Release|Any CPU
		{F309F5F1-41DD-4AC1-89E2-DEF192BC2228}.Release|Any CPU.Build.0 = Release|Any CPU
		{16981A48-7700-444A-B1FA-BC28218564F6}.Debug|Any CPU.ActiveCfg = Debug|Any CPU
		{16981A48-7700-444A-B1FA-BC28218564F6}.Debug|Any CPU.Build.0 = Debug|Any CPU
		{16981A48-7700-444A-B1FA-BC28218564F6}.Release|Any CPU.ActiveCfg = Release|Any CPU
		{16981A48-7700-444A-B1FA-BC28218564F6}.Release|Any CPU.Build.0 = Release|Any CPU
		{EE45B93A-E578-4999-8B66-DC5F1D3F01E1}.Debug|Any CPU.ActiveCfg = Debug|Any CPU
		{EE45B93A-E578-4999-8B66-DC5F1D3F01E1}.Debug|Any CPU.Build.0 = Debug|Any CPU
		{EE45B93A-E578-4999-8B66-DC5F1D3F01E1}.Release|Any CPU.ActiveCfg = Release|Any CPU
		{EE45B93A-E578-4999-8B66-DC5F1D3F01E1}.Release|Any CPU.Build.0 = Release|Any CPU
		{975D0A0B-E50E-4F7B-BA92-B923AA3952DF}.Debug|Any CPU.ActiveCfg = Debug|Any CPU
		{975D0A0B-E50E-4F7B-BA92-B923AA3952DF}.Debug|Any CPU.Build.0 = Debug|Any CPU
		{975D0A0B-E50E-4F7B-BA92-B923AA3952DF}.Release|Any CPU.ActiveCfg = Release|Any CPU
		{975D0A0B-E50E-4F7B-BA92-B923AA3952DF}.Release|Any CPU.Build.0 = Release|Any CPU
		{683F86AA-3689-4BA5-AE4F-774B4FE83A86}.Debug|Any CPU.ActiveCfg = Debug|Any CPU
		{683F86AA-3689-4BA5-AE4F-774B4FE83A86}.Debug|Any CPU.Build.0 = Debug|Any CPU
		{683F86AA-3689-4BA5-AE4F-774B4FE83A86}.Release|Any CPU.ActiveCfg = Release|Any CPU
		{683F86AA-3689-4BA5-AE4F-774B4FE83A86}.Release|Any CPU.Build.0 = Release|Any CPU
		{45644D40-401E-4131-A789-B4AC81952183}.Debug|Any CPU.ActiveCfg = Debug|Any CPU
		{45644D40-401E-4131-A789-B4AC81952183}.Debug|Any CPU.Build.0 = Debug|Any CPU
		{45644D40-401E-4131-A789-B4AC81952183}.Release|Any CPU.ActiveCfg = Release|Any CPU
		{45644D40-401E-4131-A789-B4AC81952183}.Release|Any CPU.Build.0 = Release|Any CPU
		{B37E21D2-EE83-43AD-B9A9-0D9A2FBBA88E}.Debug|Any CPU.ActiveCfg = Debug|Any CPU
		{B37E21D2-EE83-43AD-B9A9-0D9A2FBBA88E}.Debug|Any CPU.Build.0 = Debug|Any CPU
		{B37E21D2-EE83-43AD-B9A9-0D9A2FBBA88E}.Release|Any CPU.ActiveCfg = Release|Any CPU
		{B37E21D2-EE83-43AD-B9A9-0D9A2FBBA88E}.Release|Any CPU.Build.0 = Release|Any CPU
		{E9803F77-BACB-4225-8331-D026F3D16349}.Debug|Any CPU.ActiveCfg = Debug|Any CPU
		{E9803F77-BACB-4225-8331-D026F3D16349}.Debug|Any CPU.Build.0 = Debug|Any CPU
		{E9803F77-BACB-4225-8331-D026F3D16349}.Release|Any CPU.ActiveCfg = Release|Any CPU
		{E9803F77-BACB-4225-8331-D026F3D16349}.Release|Any CPU.Build.0 = Release|Any CPU
	EndGlobalSection
	GlobalSection(SolutionProperties) = preSolution
		HideSolutionNode = FALSE
	EndGlobalSection
	GlobalSection(ExtensibilityGlobals) = postSolution
		SolutionGuid = {A919A76D-F83F-4CB5-A4DA-32D4CF3F3063}
	EndGlobalSection
EndGlobal
